github.com/davecgh/go-spew v1.1.0/go.mod h1:J7Y8YcW2NihsgmVo/mv3lAwl/skON4iLHjSsI+c5H38=
github.com/davecgh/go-spew v1.1.1/go.mod h1:J7Y8YcW2NihsgmVo/mv3lAwl/skON4iLHjSsI+c5H38=
github.com/fananchong/gotcp v0.0.0-20190809093729-a577b08fcf31 h1:dpdeTEp17MMaPUcZ5yT9PtvXVh3+QqmJSfrnaU8ZbCc=
github.com/fananchong/gotcp v0.0.0-20190809093729-a577b08fcf31/go.mod h1:NwqSPUhE3lftRXXTbIYO3aSdkdQSs2gCGIZA4Mi1B6c=
github.com/fananchong/mdns v0.3.1-0.20190816031422-53f87c9ecf9a82e2464601ef5305751a5da9b3ad h1:etYypIPe+tLrEN/f9rjyH1JTEqV/sO8ZUBCZaVPbokw=
github.com/fananchong/mdns v0.3.1-0.20190816031422-53f87c9ecf9a82e2464601ef5305751a5da9b3ad/go.mod h1:KJ0dW7KmicXU2BV++qkLlmHYcVv7/hHnbtguSWt9Aoc=
github.com/fananchong/mdns v0.3.1-0.20190816031422-63fd3eb39b7c h1:oIab3p8KOxnnuJ9gHjmXnQZeUxmKuMAtue0bDZyPs/0=
github.com/fananchong/mdns v0.3.1-0.20190816031422-63fd3eb39b7c/go.mod h1:KJ0dW7KmicXU2BV++qkLlmHYcVv7/hHnbtguSWt9Aoc=
github.com/gogo/protobuf v1.2.0 h1:xU6/SpYbvkNYiptHJYEDRseDLvYE7wSqhYYNy0QSUzI=
github.com/gogo/protobuf v1.2.0/go.mod h1:r8qH/GZQm5c6nD/R0oafs1akxWv10x8SbQlK7atdtwQ=
github.com/golang/protobuf v1.3.2 h1:6nsPYzhq5kReh6QImI3k5qWzO4PEbvbIW2cwSfR/6xs=
github.com/golang/protobuf v1.3.2/go.mod h1:6lQm79b+lXiMfvg/cZm0SGofjICqVBUtrP5yJMmIC1U=
github.com/google/uuid v1.1.1 h1:Gkbcsh/GbpXz7lPftLA3P6TYMwjCLYm83jiFQZF/3gY=
github.com/google/uuid v1.1.1/go.mod h1:TIyPZe4MgqvfeYDBFedMoGGpEw/LqOeaOT+nhxU+yHo=
github.com/konsorten/go-windows-terminal-sequences v1.0.1 h1:mweAR1A6xJ3oS2pRaGiHgQ4OO8tzTaLawm8vnODuwDk=
github.com/konsorten/go-windows-terminal-sequences v1.0.1/go.mod h1:T0+1ngSBFLxvqU3pZ+m/2kptfBszLMUkC4ZK/EgS/cQ=
github.com/lestrrat-go/envload v0.0.0-20180220234015-a3eb8ddeffcc/go.mod h1:kopuH9ugFRkIXf3YoqHKyrJ9YfUFsckUU9S7B+XP+is=
github.com/lestrrat-go/file-rotatelogs v2.2.0+incompatible h1:eXEwY0f2h6mcobdAxm4VRSWds4tqmlLdUqxu8ybiEEA=
github.com/lestrrat-go/file-rotatelogs v2.2.0+incompatible/go.mod h1:ZQnN8lSECaebrkQytbHj4xNgtg8CR7RYXnPok8e0EHA=
github.com/lestrrat-go/strftime v0.0.0-20190725011945-5c849dd2c51d h1:lNJ1yeRNN0HuKHMY+u10nvgd9cWUS1uXNRyyS4kVGYY=
github.com/lestrrat-go/strftime v0.0.0-20190725011945-5c849dd2c51d/go.mod h1:E1nN3pCbtMSu1yjSVeyuRFVm/U0xoR76fd03sz+Qz4g=
github.com/micro/cli v0.2.0 h1:ut3rV5JWqZjsXIa2MvGF+qMUP8DAUTvHX9Br5gO4afA=
github.com/micro/cli v0.2.0/go.mod h1:jRT9gmfVKWSS6pkKcXQ8YhUyj6bzwxK8Fp5b0Y7qNnk=
github.com/micro/mdns v0.3.0 h1:bYycYe+98AXR3s8Nq5qvt6C573uFTDPIYzJemWON0QE=
github.com/micro/mdns v0.3.0/go.mod h1:KJ0dW7KmicXU2BV++qkLlmHYcVv7/hHnbtguSWt9Aoc=
github.com/miekg/dns v1.1.3 h1:1g0r1IvskvgL8rR+AcHzUA+oFmGcQlaIm4IqakufeMM=
github.com/miekg/dns v1.1.3/go.mod h1:W1PPwlIAgtquWBMBEV9nkV9Cazfe8ScdGz/Lj7v3Nrg=
github.com/mitchellh/hashstructure v1.0.0 h1:ZkRJX1CyOoTkar7p/mLS5TZU4nJ1Rn/F8u9dGS02Q3Y=
github.com/mitchellh/hashstructure v1.0.0/go.mod h1:QjSHrPWS+BGUVBYkbTZWEnOh3G1DutKwClXU/ABz6AQ=
github.com/pkg/errors v0.8.1 h1:iURUrRGxPUNPdy5/HRSm+Yj6okJ6UtLINN0Q9M4+h3I=
github.com/pkg/errors v0.8.1/go.mod h1:bwawxfHBFNV+L2hUp1rHADufV3IMtnDRdf1r5NINEl0=
github.com/pmezard/go-difflib v1.0.0/go.mod h1:iKH77koFhYxTK1pcRnkKkqfTogsbg7gZNVY4sRDYZ/4=
github.com/sirupsen/logrus v1.4.2 h1:SPIRibHv4MatM3XXNO2BJeFLZwZ2LvZgfQ5+UNI2im4=
github.com/sirupsen/logrus v1.4.2/go.mod h1:tLMulIdttU9McNUspp0xgXVQah82FyeX6MwdIuYE2rE=
github.com/stretchr/objx v0.1.0/go.mod h1:HFkY916IF+rwdDfMAkV7OtwuqBVzrE8GR6GFx+wExME=
github.com/stretchr/objx v0.1.1/go.mod h1:HFkY916IF+rwdDfMAkV7OtwuqBVzrE8GR6GFx+wExME=
github.com/stretchr/testify v1.2.2/go.mod h1:a8OnRcib4nhh0OaRAV+Yts87kKdq0PP7pXfy6kDkUVs=
github.com/stretchr/testify v1.3.0/go.mod h1:M5WIy9Dh21IEIfnGCwXGc5bZfKNJtfHm1UVUgZn+9EI=
golang.org/x/crypto v0.0.0-20190130090550-b01c7a725664 h1:YbZJ76lQ1BqNhVe7dKTSB67wDrc2VPRR75IyGyyPDX8=
golang.org/x/crypto v0.0.0-20190130090550-b01c7a725664/go.mod h1:6SG95UA2DQfeDnfUPMdvaQW0Q7yPrPDi9nlGo2tz2b4=
golang.org/x/net v0.0.0-20190125091013-d26f9f9a57f3 h1:ulvT7fqt0yHWzpJwI57MezWnYDVpCAYBVuYst/L+fAY=
golang.org/x/net v0.0.0-20190125091013-d26f9f9a57f3/go.mod h1:mL1N/T3taQHkDXs73rZJwtUhF3w3ftmwwsq0BUmARs4=
golang.org/x/sys v0.0.0-20190129075346-302c3dd5f1cc/go.mod h1:STP8DvDyc/dI5b8T5hshtkjS+E42TnysNCUPdjciGhY=
golang.org/x/sys v0.0.0-20190422165155-953cdadca894/go.mod h1:h1NjWce9XRLGQEsW7wpKNCjG9DtNlClVuFLEZdDNbEs=
gopkg.in/check.v1 v0.0.0-20161208181325-20d25e280405/go.mod h1:Co6ibVJAznAaIkqp8huTwlJQCZ016jof/cbN4VW5Yz0=
gopkg.in/yaml.v2 v2.2.2/go.mod h1:hI93XBmqTisBFMUTm0b8Fm+jr3Dg1NNxqwp+5A1VGuI=
