github.com/fananchong/gotcp v0.0.0-20190725141440-0f65415bcce1 h1:ZxctVmLT19P6YGWE0wH64VkgOcsSMsN5YRkqWRFw9VY=
github.com/fananchong/gotcp v0.0.0-20190725141440-0f65415bcce1/go.mod h1:NwqSPUhE3lftRXXTbIYO3aSdkdQSs2gCGIZA4Mi1B6c=
github.com/gogo/protobuf v1.2.0 h1:xU6/SpYbvkNYiptHJYEDRseDLvYE7wSqhYYNy0QSUzI=
github.com/gogo/protobuf v1.2.0/go.mod h1:r8qH/GZQm5c6nD/R0oafs1akxWv10x8SbQlK7atdtwQ=
github.com/google/uuid v1.1.1 h1:Gkbcsh/GbpXz7lPftLA3P6TYMwjCLYm83jiFQZF/3gY=
github.com/google/uuid v1.1.1/go.mod h1:TIyPZe4MgqvfeYDBFedMoGGpEw/LqOeaOT+nhxU+yHo=
